
Microsoft Visual Studio Solution File, Format Version 12.00
# Visual Studio Version 16
VisualStudioVersion = 16.0.28407.52
MinimumVisualStudioVersion = 10.0.40219.1
Project("{2150E333-8FDC-42A3-9474-1A3956D46DE8}") = "1.Domain", "1.Domain", "{806775EF-916B-4AF8-8E5D-3316BB7A1600}"
EndProject
Project("{2150E333-8FDC-42A3-9474-1A3956D46DE8}") = "2.Repository.Interface", "2.Repository.Interface", "{3173250F-5D05-482C-A90F-8AD8E5D85305}"
EndProject
Project("{2150E333-8FDC-42A3-9474-1A3956D46DE8}") = "3.Repository.Implement", "3.Repository.Implement", "{931C0904-ADF6-403F-B418-3DA21AFA21A8}"
EndProject
Project("{2150E333-8FDC-42A3-9474-1A3956D46DE8}") = "4.Ui", "4.Ui", "{BC5A57D6-FE47-4E67-828A-45539E03755D}"
EndProject
Project("{FAE04EC0-301F-11D3-BF4B-00C04F79EFBC}") = "dotnet_Domain", "1.Domain\dotnet_Domain\dotnet_Domain.csproj", "{CC59D563-2832-4558-9578-7D9AB5B62CA3}"
EndProject
Project("{FAE04EC0-301F-11D3-BF4B-00C04F79EFBC}") = "dotnet_Mapping", "1.Domain\dotnet_Mapping\dotnet_Mapping.csproj", "{0087CAD1-72F4-49F1-8920-6D1541520A7B}"
EndProject
Project("{FAE04EC0-301F-11D3-BF4B-00C04F79EFBC}") = "dotnet_Models", "1.Domain\dotnet_Models\dotnet_Models.csproj", "{3AF8E332-07C1-499D-A7B1-E92AC70EF959}"
EndProject
Project("{FAE04EC0-301F-11D3-BF4B-00C04F79EFBC}") = "dotnet_Repository.EF", "3.Repository.Implement\dotnet_Repository.EF\dotnet_Repository.EF.csproj", "{431523C4-D05B-4F38-B4BF-AA1BA1DB59A8}"
EndProject
Project("{2150E333-8FDC-42A3-9474-1A3956D46DE8}") = "dotnet_MusicStore", "dotnet_MusicStore", "{82068FE7-F8B3-41A3-930A-AAA27F8488AB}"
EndProject
Project("{FAE04EC0-301F-11D3-BF4B-00C04F79EFBC}") = "dotnet_MusicStore.Assemblers", "4.Ui\dotnet_MusicStore\dotnet_MusicStore.Assemblers\dotnet_MusicStore.Assemblers.csproj", "{BD614FE1-16AB-4D9D-AF3F-1FD230C5574E}"
EndProject
Project("{FAE04EC0-301F-11D3-BF4B-00C04F79EFBC}") = "dotnet_MusicStore.DTOS", "4.Ui\dotnet_MusicStore\dotnet_MusicStore.DTOS\dotnet_MusicStore.DTOS.csproj", "{27CF6F2A-FEB8-46D4-8436-BC802054638B}"
EndProject
Project("{FAE04EC0-301F-11D3-BF4B-00C04F79EFBC}") = "dotnet_MusicStore.IAssemblers", "4.Ui\dotnet_MusicStore\dotnet_MusicStore.IAssemblers\dotnet_MusicStore.IAssemblers.csproj", "{60F2184B-578A-45CB-9FDD-B414FEC448A9}"
EndProject
Project("{FAE04EC0-301F-11D3-BF4B-00C04F79EFBC}") = "core_MusicStore.Client.Apis", "4.Ui\dotnet_MusicStore\core_MusicStore.Client.Apis\core_MusicStore.Client.Apis.csproj", "{BF092B48-CF3D-4BD7-8308-C097A184D06F}"
EndProject
Project("{FAE04EC0-301F-11D3-BF4B-00C04F79EFBC}") = "dotnet_MusicStore.Common", "4.Ui\dotnet_MusicStore\dotnet_MusicStore.Common\dotnet_MusicStore.Common.csproj", "{DE08E181-D913-4639-9495-0041BAC905AB}"
EndProject
Global
	GlobalSection(SolutionConfigurationPlatforms) = preSolution
		Debug|Any CPU = Debug|Any CPU
		DEV|Any CPU = DEV|Any CPU
		PROD|Any CPU = PROD|Any CPU
		Release|Any CPU = Release|Any CPU
		UAT|Any CPU = UAT|Any CPU
	EndGlobalSection
	GlobalSection(ProjectConfigurationPlatforms) = postSolution
		{CC59D563-2832-4558-9578-7D9AB5B62CA3}.Debug|Any CPU.ActiveCfg = Debug|Any CPU
		{CC59D563-2832-4558-9578-7D9AB5B62CA3}.Debug|Any CPU.Build.0 = Debug|Any CPU
		{CC59D563-2832-4558-9578-7D9AB5B62CA3}.DEV|Any CPU.ActiveCfg = Debug|Any CPU
		{CC59D563-2832-4558-9578-7D9AB5B62CA3}.DEV|Any CPU.Build.0 = Debug|Any CPU
		{CC59D563-2832-4558-9578-7D9AB5B62CA3}.PROD|Any CPU.ActiveCfg = Release|Any CPU
		{CC59D563-2832-4558-9578-7D9AB5B62CA3}.PROD|Any CPU.Build.0 = Release|Any CPU
		{CC59D563-2832-4558-9578-7D9AB5B62CA3}.Release|Any CPU.ActiveCfg = Release|Any CPU
		{CC59D563-2832-4558-9578-7D9AB5B62CA3}.Release|Any CPU.Build.0 = Release|Any CPU
		{CC59D563-2832-4558-9578-7D9AB5B62CA3}.UAT|Any CPU.ActiveCfg = Release|Any CPU
		{CC59D563-2832-4558-9578-7D9AB5B62CA3}.UAT|Any CPU.Build.0 = Release|Any CPU
		{0087CAD1-72F4-49F1-8920-6D1541520A7B}.Debug|Any CPU.ActiveCfg = Debug|Any CPU
		{0087CAD1-72F4-49F1-8920-6D1541520A7B}.Debug|Any CPU.Build.0 = Debug|Any CPU
		{0087CAD1-72F4-49F1-8920-6D1541520A7B}.DEV|Any CPU.ActiveCfg = Debug|Any CPU
		{0087CAD1-72F4-49F1-8920-6D1541520A7B}.DEV|Any CPU.Build.0 = Debug|Any CPU
		{0087CAD1-72F4-49F1-8920-6D1541520A7B}.PROD|Any CPU.ActiveCfg = Release|Any CPU
		{0087CAD1-72F4-49F1-8920-6D1541520A7B}.PROD|Any CPU.Build.0 = Release|Any CPU
		{0087CAD1-72F4-49F1-8920-6D1541520A7B}.Release|Any CPU.ActiveCfg = Release|Any CPU
		{0087CAD1-72F4-49F1-8920-6D1541520A7B}.Release|Any CPU.Build.0 = Release|Any CPU
		{0087CAD1-72F4-49F1-8920-6D1541520A7B}.UAT|Any CPU.ActiveCfg = Release|Any CPU
		{0087CAD1-72F4-49F1-8920-6D1541520A7B}.UAT|Any CPU.Build.0 = Release|Any CPU
		{3AF8E332-07C1-499D-A7B1-E92AC70EF959}.Debug|Any CPU.ActiveCfg = Debug|Any CPU
		{3AF8E332-07C1-499D-A7B1-E92AC70EF959}.Debug|Any CPU.Build.0 = Debug|Any CPU
		{3AF8E332-07C1-499D-A7B1-E92AC70EF959}.DEV|Any CPU.ActiveCfg = Debug|Any CPU
		{3AF8E332-07C1-499D-A7B1-E92AC70EF959}.DEV|Any CPU.Build.0 = Debug|Any CPU
		{3AF8E332-07C1-499D-A7B1-E92AC70EF959}.PROD|Any CPU.ActiveCfg = Release|Any CPU
		{3AF8E332-07C1-499D-A7B1-E92AC70EF959}.PROD|Any CPU.Build.0 = Release|Any CPU
		{3AF8E332-07C1-499D-A7B1-E92AC70EF959}.Release|Any CPU.ActiveCfg = Release|Any CPU
		{3AF8E332-07C1-499D-A7B1-E92AC70EF959}.Release|Any CPU.Build.0 = Release|Any CPU
		{3AF8E332-07C1-499D-A7B1-E92AC70EF959}.UAT|Any CPU.ActiveCfg = Release|Any CPU
		{3AF8E332-07C1-499D-A7B1-E92AC70EF959}.UAT|Any CPU.Build.0 = Release|Any CPU
		{431523C4-D05B-4F38-B4BF-AA1BA1DB59A8}.Debug|Any CPU.ActiveCfg = Debug|Any CPU
		{431523C4-D05B-4F38-B4BF-AA1BA1DB59A8}.Debug|Any CPU.Build.0 = Debug|Any CPU
		{431523C4-D05B-4F38-B4BF-AA1BA1DB59A8}.DEV|Any CPU.ActiveCfg = Debug|Any CPU
		{431523C4-D05B-4F38-B4BF-AA1BA1DB59A8}.DEV|Any CPU.Build.0 = Debug|Any CPU
		{431523C4-D05B-4F38-B4BF-AA1BA1DB59A8}.PROD|Any CPU.ActiveCfg = Release|Any CPU
		{431523C4-D05B-4F38-B4BF-AA1BA1DB59A8}.PROD|Any CPU.Build.0 = Release|Any CPU
		{431523C4-D05B-4F38-B4BF-AA1BA1DB59A8}.Release|Any CPU.ActiveCfg = Release|Any CPU
		{431523C4-D05B-4F38-B4BF-AA1BA1DB59A8}.Release|Any CPU.Build.0 = Release|Any CPU
		{431523C4-D05B-4F38-B4BF-AA1BA1DB59A8}.UAT|Any CPU.ActiveCfg = Release|Any CPU
		{431523C4-D05B-4F38-B4BF-AA1BA1DB59A8}.UAT|Any CPU.Build.0 = Release|Any CPU
		{BD614FE1-16AB-4D9D-AF3F-1FD230C5574E}.Debug|Any CPU.ActiveCfg = Debug|Any CPU
		{BD614FE1-16AB-4D9D-AF3F-1FD230C5574E}.Debug|Any CPU.Build.0 = Debug|Any CPU
		{BD614FE1-16AB-4D9D-AF3F-1FD230C5574E}.DEV|Any CPU.ActiveCfg = Debug|Any CPU
		{BD614FE1-16AB-4D9D-AF3F-1FD230C5574E}.DEV|Any CPU.Build.0 = Debug|Any CPU
		{BD614FE1-16AB-4D9D-AF3F-1FD230C5574E}.PROD|Any CPU.ActiveCfg = Release|Any CPU
		{BD614FE1-16AB-4D9D-AF3F-1FD230C5574E}.PROD|Any CPU.Build.0 = Release|Any CPU
		{BD614FE1-16AB-4D9D-AF3F-1FD230C5574E}.Release|Any CPU.ActiveCfg = Release|Any CPU
		{BD614FE1-16AB-4D9D-AF3F-1FD230C5574E}.Release|Any CPU.Build.0 = Release|Any CPU
		{BD614FE1-16AB-4D9D-AF3F-1FD230C5574E}.UAT|Any CPU.ActiveCfg = Release|Any CPU
		{BD614FE1-16AB-4D9D-AF3F-1FD230C5574E}.UAT|Any CPU.Build.0 = Release|Any CPU
		{27CF6F2A-FEB8-46D4-8436-BC802054638B}.Debug|Any CPU.ActiveCfg = Debug|Any CPU
		{27CF6F2A-FEB8-46D4-8436-BC802054638B}.Debug|Any CPU.Build.0 = Debug|Any CPU
		{27CF6F2A-FEB8-46D4-8436-BC802054638B}.DEV|Any CPU.ActiveCfg = Debug|Any CPU
		{27CF6F2A-FEB8-46D4-8436-BC802054638B}.DEV|Any CPU.Build.0 = Debug|Any CPU
		{27CF6F2A-FEB8-46D4-8436-BC802054638B}.PROD|Any CPU.ActiveCfg = Release|Any CPU
		{27CF6F2A-FEB8-46D4-8436-BC802054638B}.PROD|Any CPU.Build.0 = Release|Any CPU
		{27CF6F2A-FEB8-46D4-8436-BC802054638B}.Release|Any CPU.ActiveCfg = Release|Any CPU
		{27CF6F2A-FEB8-46D4-8436-BC802054638B}.Release|Any CPU.Build.0 = Release|Any CPU
		{27CF6F2A-FEB8-46D4-8436-BC802054638B}.UAT|Any CPU.ActiveCfg = Release|Any CPU
		{27CF6F2A-FEB8-46D4-8436-BC802054638B}.UAT|Any CPU.Build.0 = Release|Any CPU
		{60F2184B-578A-45CB-9FDD-B414FEC448A9}.Debug|Any CPU.ActiveCfg = Debug|Any CPU
		{60F2184B-578A-45CB-9FDD-B414FEC448A9}.Debug|Any CPU.Build.0 = Debug|Any CPU
		{60F2184B-578A-45CB-9FDD-B414FEC448A9}.DEV|Any CPU.ActiveCfg = Debug|Any CPU
		{60F2184B-578A-45CB-9FDD-B414FEC448A9}.DEV|Any CPU.Build.0 = Debug|Any CPU
		{60F2184B-578A-45CB-9FDD-B414FEC448A9}.PROD|Any CPU.ActiveCfg = Release|Any CPU
		{60F2184B-578A-45CB-9FDD-B414FEC448A9}.PROD|Any CPU.Build.0 = Release|Any CPU
		{60F2184B-578A-45CB-9FDD-B414FEC448A9}.Release|Any CPU.ActiveCfg = Release|Any CPU
		{60F2184B-578A-45CB-9FDD-B414FEC448A9}.Release|Any CPU.Build.0 = Release|Any CPU
		{60F2184B-578A-45CB-9FDD-B414FEC448A9}.UAT|Any CPU.ActiveCfg = Release|Any CPU
		{60F2184B-578A-45CB-9FDD-B414FEC448A9}.UAT|Any CPU.Build.0 = Release|Any CPU
		{BF092B48-CF3D-4BD7-8308-C097A184D06F}.Debug|Any CPU.ActiveCfg = Debug|Any CPU
		{BF092B48-CF3D-4BD7-8308-C097A184D06F}.Debug|Any CPU.Build.0 = Debug|Any CPU
		{BF092B48-CF3D-4BD7-8308-C097A184D06F}.DEV|Any CPU.ActiveCfg = Debug|Any CPU
		{BF092B48-CF3D-4BD7-8308-C097A184D06F}.DEV|Any CPU.Build.0 = Debug|Any CPU
		{BF092B48-CF3D-4BD7-8308-C097A184D06F}.PROD|Any CPU.ActiveCfg = Debug|Any CPU
		{BF092B48-CF3D-4BD7-8308-C097A184D06F}.PROD|Any CPU.Build.0 = Debug|Any CPU
		{BF092B48-CF3D-4BD7-8308-C097A184D06F}.Release|Any CPU.ActiveCfg = Release|Any CPU
		{BF092B48-CF3D-4BD7-8308-C097A184D06F}.Release|Any CPU.Build.0 = Release|Any CPU
		{BF092B48-CF3D-4BD7-8308-C097A184D06F}.UAT|Any CPU.ActiveCfg = Debug|Any CPU
		{BF092B48-CF3D-4BD7-8308-C097A184D06F}.UAT|Any CPU.Build.0 = Debug|Any CPU
		{DE08E181-D913-4639-9495-0041BAC905AB}.Debug|Any CPU.ActiveCfg = Debug|Any CPU
		{DE08E181-D913-4639-9495-0041BAC905AB}.Debug|Any CPU.Build.0 = Debug|Any CPU
		{DE08E181-D913-4639-9495-0041BAC905AB}.DEV|Any CPU.ActiveCfg = Debug|Any CPU
		{DE08E181-D913-4639-9495-0041BAC905AB}.DEV|Any CPU.Build.0 = Debug|Any CPU
		{DE08E181-D913-4639-9495-0041BAC905AB}.PROD|Any CPU.ActiveCfg = Release|Any CPU
		{DE08E181-D913-4639-9495-0041BAC905AB}.PROD|Any CPU.Build.0 = Release|Any CPU
		{DE08E181-D913-4639-9495-0041BAC905AB}.Release|Any CPU.ActiveCfg = Release|Any CPU
		{DE08E181-D913-4639-9495-0041BAC905AB}.Release|Any CPU.Build.0 = Release|Any CPU
		{DE08E181-D913-4639-9495-0041BAC905AB}.UAT|Any CPU.ActiveCfg = Release|Any CPU
		{DE08E181-D913-4639-9495-0041BAC905AB}.UAT|Any CPU.Build.0 = Release|Any CPU
	EndGlobalSection
	GlobalSection(SolutionProperties) = preSolution
		HideSolutionNode = FALSE
	EndGlobalSection
	GlobalSection(NestedProjects) = preSolution
		{CC59D563-2832-4558-9578-7D9AB5B62CA3} = {806775EF-916B-4AF8-8E5D-3316BB7A1600}
		{0087CAD1-72F4-49F1-8920-6D1541520A7B} = {806775EF-916B-4AF8-8E5D-3316BB7A1600}
		{3AF8E332-07C1-499D-A7B1-E92AC70EF959} = {806775EF-916B-4AF8-8E5D-3316BB7A1600}
		{431523C4-D05B-4F38-B4BF-AA1BA1DB59A8} = {931C0904-ADF6-403F-B418-3DA21AFA21A8}
		{82068FE7-F8B3-41A3-930A-AAA27F8488AB} = {BC5A57D6-FE47-4E67-828A-45539E03755D}
		{BD614FE1-16AB-4D9D-AF3F-1FD230C5574E} = {82068FE7-F8B3-41A3-930A-AAA27F8488AB}
		{27CF6F2A-FEB8-46D4-8436-BC802054638B} = {82068FE7-F8B3-41A3-930A-AAA27F8488AB}
		{60F2184B-578A-45CB-9FDD-B414FEC448A9} = {82068FE7-F8B3-41A3-930A-AAA27F8488AB}
		{BF092B48-CF3D-4BD7-8308-C097A184D06F} = {82068FE7-F8B3-41A3-930A-AAA27F8488AB}
		{DE08E181-D913-4639-9495-0041BAC905AB} = {82068FE7-F8B3-41A3-930A-AAA27F8488AB}
	EndGlobalSection
	GlobalSection(ExtensibilityGlobals) = postSolution
		SolutionGuid = {106AB4B4-61C8-491C-B183-71387B976F80}
	EndGlobalSection
EndGlobal
